
Microsoft Visual Studio Solution File, Format Version 12.00
# Visual Studio 15
VisualStudioVersion = 15.0.27004.2009
MinimumVisualStudioVersion = 10.0.40219.1
Project("{FAE04EC0-301F-11D3-BF4B-00C04F79EFBC}") = "WindowsProject", "WindowsProject\WindowsProject.csproj", "{9B22AA29-4A4A-4BF3-A7F8-A5BB00417BF8}"
EndProject
Project("{8BC9CEB8-8B4A-11D0-8D11-00A0C91BC942}") = "LinuxProject", "LinuxProject\LinuxProject.vcxproj", "{38F92C3D-990A-4AAF-B6B4-C4BF9C23CC2B}"
EndProject
Global
	GlobalSection(SolutionConfigurationPlatforms) = preSolution
		Debug|Any CPU = Debug|Any CPU
		Debug|ARM = Debug|ARM
		Debug|x64 = Debug|x64
		Debug|x86 = Debug|x86
		Release|Any CPU = Release|Any CPU
		Release|ARM = Release|ARM
		Release|x64 = Release|x64
		Release|x86 = Release|x86
	EndGlobalSection
	GlobalSection(ProjectConfigurationPlatforms) = postSolution
		{9B22AA29-4A4A-4BF3-A7F8-A5BB00417BF8}.Debug|Any CPU.ActiveCfg = Debug|Any CPU
		{9B22AA29-4A4A-4BF3-A7F8-A5BB00417BF8}.Debug|Any CPU.Build.0 = Debug|Any CPU
		{9B22AA29-4A4A-4BF3-A7F8-A5BB00417BF8}.Debug|ARM.ActiveCfg = Debug|Any CPU
		{9B22AA29-4A4A-4BF3-A7F8-A5BB00417BF8}.Debug|ARM.Build.0 = Debug|Any CPU
		{9B22AA29-4A4A-4BF3-A7F8-A5BB00417BF8}.Debug|x64.ActiveCfg = Debug|Any CPU
		{9B22AA29-4A4A-4BF3-A7F8-A5BB00417BF8}.Debug|x64.Build.0 = Debug|Any CPU
		{9B22AA29-4A4A-4BF3-A7F8-A5BB00417BF8}.Debug|x86.ActiveCfg = Debug|Any CPU
		{9B22AA29-4A4A-4BF3-A7F8-A5BB00417BF8}.Debug|x86.Build.0 = Debug|Any CPU
		{9B22AA29-4A4A-4BF3-A7F8-A5BB00417BF8}.Release|Any CPU.ActiveCfg = Release|Any CPU
		{9B22AA29-4A4A-4BF3-A7F8-A5BB00417BF8}.Release|Any CPU.Build.0 = Release|Any CPU
		{9B22AA29-4A4A-4BF3-A7F8-A5BB00417BF8}.Release|ARM.ActiveCfg = Release|Any CPU
		{9B22AA29-4A4A-4BF3-A7F8-A5BB00417BF8}.Release|ARM.Build.0 = Release|Any CPU
		{9B22AA29-4A4A-4BF3-A7F8-A5BB00417BF8}.Release|x64.ActiveCfg = Release|Any CPU
		{9B22AA29-4A4A-4BF3-A7F8-A5BB00417BF8}.Release|x64.Build.0 = Release|Any CPU
		{9B22AA29-4A4A-4BF3-A7F8-A5BB00417BF8}.Release|x86.ActiveCfg = Release|Any CPU
		{9B22AA29-4A4A-4BF3-A7F8-A5BB00417BF8}.Release|x86.Build.0 = Release|Any CPU
		{38F92C3D-990A-4AAF-B6B4-C4BF9C23CC2B}.Debug|Any CPU.ActiveCfg = Debug|x64
		{38F92C3D-990A-4AAF-B6B4-C4BF9C23CC2B}.Debug|Any CPU.Build.0 = Debug|x64
		{38F92C3D-990A-4AAF-B6B4-C4BF9C23CC2B}.Debug|ARM.ActiveCfg = Debug|ARM
		{38F92C3D-990A-4AAF-B6B4-C4BF9C23CC2B}.Debug|ARM.Build.0 = Debug|ARM
		{38F92C3D-990A-4AAF-B6B4-C4BF9C23CC2B}.Debug|x64.ActiveCfg = Debug|x64
		{38F92C3D-990A-4AAF-B6B4-C4BF9C23CC2B}.Debug|x64.Build.0 = Debug|x64
		{38F92C3D-990A-4AAF-B6B4-C4BF9C23CC2B}.Debug|x86.ActiveCfg = Debug|x86
		{38F92C3D-990A-4AAF-B6B4-C4BF9C23CC2B}.Debug|x86.Build.0 = Debug|x86
		{38F92C3D-990A-4AAF-B6B4-C4BF9C23CC2B}.Release|Any CPU.ActiveCfg = Release|x64
		{38F92C3D-990A-4AAF-B6B4-C4BF9C23CC2B}.Release|ARM.ActiveCfg = Release|ARM
		{38F92C3D-990A-4AAF-B6B4-C4BF9C23CC2B}.Release|ARM.Build.0 = Release|ARM
		{38F92C3D-990A-4AAF-B6B4-C4BF9C23CC2B}.Release|x64.ActiveCfg = Release|x64
		{38F92C3D-990A-4AAF-B6B4-C4BF9C23CC2B}.Release|x64.Build.0 = Release|x64
		{38F92C3D-990A-4AAF-B6B4-C4BF9C23CC2B}.Release|x86.ActiveCfg = Release|x86
		{38F92C3D-990A-4AAF-B6B4-C4BF9C23CC2B}.Release|x86.Build.0 = Release|x86
	EndGlobalSection
	GlobalSection(SolutionProperties) = preSolution
		HideSolutionNode = FALSE
	EndGlobalSection
	GlobalSection(ExtensibilityGlobals) = postSolution
		SolutionGuid = {1F310633-209D-42D7-BE3E-E4E14854B869}
	EndGlobalSection
EndGlobal
